
Microsoft Visual Studio Solution File, Format Version 9.00
# Visual Studio 2005
Project("{8BC9CEB8-8B4A-11D0-8D11-00A0C91BC942}") = "mfcapp", "mfcapp\mfcapp.vcproj", "{BD4CBDBF-0ABA-46D9-B897-B3B9A03F5E64}"
EndProject
Global
	GlobalSection(SolutionConfigurationPlatforms) = preSolution
		Debug|Win32 = Debug|Win32
		Release|Win32 = Release|Win32
	EndGlobalSection
	GlobalSection(ProjectConfigurationPlatforms) = postSolution
		{BD4CBDBF-0ABA-46D9-B897-B3B9A03F5E64}.Debug|Win32.ActiveCfg = Debug|Win32
		{BD4CBDBF-0ABA-46D9-B897-B3B9A03F5E64}.Debug|Win32.Build.0 = Debug|Win32
		{BD4CBDBF-0ABA-46D9-B897-B3B9A03F5E64}.Release|Win32.ActiveCfg = Release|Win32
		{BD4CBDBF-0ABA-46D9-B897-B3B9A03F5E64}.Release|Win32.Build.0 = Release|Win32
	EndGlobalSection
	GlobalSection(SolutionProperties) = preSolution
		HideSolutionNode = FALSE
	EndGlobalSection
EndGlobal
